
Microsoft Visual Studio Solution File, Format Version 12.00
# Visual Studio Version 17
VisualStudioVersion = 17.11.35327.3
MinimumVisualStudioVersion = 10.0.40219.1
Project("{FAE04EC0-301F-11D3-BF4B-00C04F79EFBC}") = "Password_Generator", "Password_Generator\Password_Generator.csproj", "{F79C367C-FB70-4017-9295-2459274D0B68}"
EndProject
Global
	GlobalSection(SolutionConfigurationPlatforms) = preSolution
		Debug|Any CPU = Debug|Any CPU
		Release|Any CPU = Release|Any CPU
	EndGlobalSection
	GlobalSection(ProjectConfigurationPlatforms) = postSolution
		{F79C367C-FB70-4017-9295-2459274D0B68}.Debug|Any CPU.ActiveCfg = Debug|Any CPU
		{F79C367C-FB70-4017-9295-2459274D0B68}.Debug|Any CPU.Build.0 = Debug|Any CPU
		{F79C367C-FB70-4017-9295-2459274D0B68}.Release|Any CPU.ActiveCfg = Release|Any CPU
		{F79C367C-FB70-4017-9295-2459274D0B68}.Release|Any CPU.Build.0 = Release|Any CPU
	EndGlobalSection
	GlobalSection(SolutionProperties) = preSolution
		HideSolutionNode = FALSE
	EndGlobalSection
	GlobalSection(ExtensibilityGlobals) = postSolution
		SolutionGuid = {F7BDADD6-743A-4D2D-89D5-EFAD449E6483}
	EndGlobalSection
EndGlobal
